PODS:
  - Alamofire (5.6.2)
  - CocoaMQTT (2.0.8):
    - CocoaMQTT/Core (= 2.0.8)
  - CocoaMQTT/Core (2.0.8):
    - MqttCocoaAsyncSocket (~> 1.0.6)
  - DropDown (2.3.13)
  - MarqueeLabel (4.0.5)
  - MqttCocoaAsyncSocket (1.0.6)
  - NotificationBannerSwift (3.0.6):
    - MarqueeLabel (~> 4.0.5)
    - SnapKit (~> 5.0.1)
  - Resolver (1.5.0)
  - RIBs (0.9.3):
    - RxRelay (~> 5.1)
    - RxSwift (~> 5.1)
  - RxCocoa (5.1.3):
    - RxRelay (~> 5)
    - RxSwift (~> 5)
  - RxRelay (5.1.3):
    - RxSwift (~> 5)
  - RxSwift (5.1.3)
  - SDWebImage (5.13.3):
    - SDWebImage/Core (= 5.13.3)
  - SDWebImage/Core (5.13.3)
  - SnapKit (5.0.1)
  - SVProgressHUD (2.2.5)
  - SwiftLint (0.49.1)
  - TLLogging (1.0.3)

DEPENDENCIES:
  - Alamofire
  - CocoaMQTT
  - DropDown
  - NotificationBannerSwift (~> 3.0.0)
  - Resolver
  - RIBs (from `https://github.com/uber/RIBs/`, tag `v0.10.0`)
  - RxCocoa
  - RxSwift
  - SDWebImage
  - SVProgressHUD
  - SwiftLint
  - TLLogging

SPEC REPOS:
  trunk:
    - Alamofire
    - CocoaMQTT
    - DropDown
    - MarqueeLabel
    - MqttCocoaAsyncSocket
    - NotificationBannerSwift
    - Resolver
    - RxCocoa
    - RxRelay
    - RxSwift
    - SDWebImage
    - SnapKit
    - SVProgressHUD
    - SwiftLint
    - TLLogging

EXTERNAL SOURCES:
  RIBs:
    :git: https://github.com/uber/RIBs/
    :tag: v0.10.0

CHECKOUT OPTIONS:
  RIBs:
    :git: https://github.com/uber/RIBs/
    :tag: v0.10.0

SPEC CHECKSUMS:
  Alamofire: d368e1ff8a298e6dde360e35a3e68e6c610e7204
  CocoaMQTT: 684ad2bd374e9a8fc64e39235b0542a8c125390a
  DropDown: 8a2116376c1981888557f72ec2ffc9a5e0e456ec
  MarqueeLabel: 00cc0bcd087111dca575878b3531af980559707d
  MqttCocoaAsyncSocket: bb3215101db2a34a0c3ef7a2f86ecb5796ec9384
  NotificationBannerSwift: 7021be2338f8f29cf424b0aca43da462bf9e2a1a
  Resolver: 68984624572763018fd8ec7b8e3e8df0e3b6bba5
  RIBs: d4c4c7e7e4580f0bbe88bdc88b6c11704a738b7f
  RxCocoa: e2ed092d5432e4296aa818021d27de4090ac0354
  RxRelay: 5a18c2eb2d68326ebaf0112f80d837ae41b92b97
  RxSwift: 915abbdfb62214aa89ccd0b194d44fb478019b27
  SDWebImage: af5bbffef2cde09f148d826f9733dcde1a9414cd
  SnapKit: 97b92857e3df3a0c71833cce143274bf6ef8e5eb
  SVProgressHUD: 1428aafac632c1f86f62aa4243ec12008d7a51d6
  SwiftLint: 32ee33ded0636d0905ef6911b2b67bbaeeedafa5
  TLLogging: da818f99577a4629c555d6a6db6d4916878c2b71

PODFILE CHECKSUM: 4115a4d3ee510274b5d96e6eef825d69a77f0cbd

COCOAPODS: 1.11.3
